
Microsoft Visual Studio Solution File, Format Version 12.00
# Visual Studio Version 17
VisualStudioVersion = 17.5.33414.496
MinimumVisualStudioVersion = 10.0.40219.1
Project("{FAE04EC0-301F-11D3-BF4B-00C04F79EFBC}") = "BlazorRealTimeData", "BlazorRealTimeData\BlazorRealTimeData.csproj", "{88337381-6CF5-42CD-A72A-0BE68563AE67}"
EndProject
Global
	GlobalSection(SolutionConfigurationPlatforms) = preSolution
		Debug|Any CPU = Debug|Any CPU
		Release|Any CPU = Release|Any CPU
	EndGlobalSection
	GlobalSection(ProjectConfigurationPlatforms) = postSolution
		{88337381-6CF5-42CD-A72A-0BE68563AE67}.Debug|Any CPU.ActiveCfg = Debug|Any CPU
		{88337381-6CF5-42CD-A72A-0BE68563AE67}.Debug|Any CPU.Build.0 = Debug|Any CPU
		{88337381-6CF5-42CD-A72A-0BE68563AE67}.Release|Any CPU.ActiveCfg = Release|Any CPU
		{88337381-6CF5-42CD-A72A-0BE68563AE67}.Release|Any CPU.Build.0 = Release|Any CPU
	EndGlobalSection
	GlobalSection(SolutionProperties) = preSolution
		HideSolutionNode = FALSE
	EndGlobalSection
	GlobalSection(ExtensibilityGlobals) = postSolution
		SolutionGuid = {26CA95B1-B0CC-40E3-8931-669A5B2D42B8}
	EndGlobalSection
EndGlobal
